
Microsoft Visual Studio Solution File, Format Version 12.00
# Visual Studio 14
VisualStudioVersion = 14.0.24720.0
MinimumVisualStudioVersion = 10.0.40219.1
Project("{2150E333-8FDC-42A3-9474-1A3956D46DE8}") = "Portable", "Portable", "{A8AC218C-73D0-44C9-B35C-512A14FB23CD}"
EndProject
Project("{FAE04EC0-301F-11D3-BF4B-00C04F79EFBC}") = "Famoser.ETHZMensa.View", "Famoser.ETHZMensa.View\Famoser.ETHZMensa.View.csproj", "{B825813A-5CA3-4820-AF05-4D9FF377192D}"
EndProject
Project("{FAE04EC0-301F-11D3-BF4B-00C04F79EFBC}") = "Famoser.ETHZMensa.Business", "Famoser.ETHZMensa.Business\Famoser.ETHZMensa.Business.csproj", "{E8DC9190-5F18-493B-A411-1C7452F520E9}"
EndProject
Project("{FAE04EC0-301F-11D3-BF4B-00C04F79EFBC}") = "Famoser.ETHZMensa.Data", "Famoser.ETHZMensa.Data\Famoser.ETHZMensa.Data.csproj", "{D5CEAF55-935C-406F-A33C-A4562045B17F}"
EndProject
Project("{FAE04EC0-301F-11D3-BF4B-00C04F79EFBC}") = "Famoser.ETHZMensa.Presentation.WinUniversal", "Famoser.ETHZMensa.Presentation.WinUniversal\Famoser.ETHZMensa.Presentation.WinUniversal.csproj", "{01875BCD-0FBB-4F83-874E-BA80897110A8}"
EndProject
Project("{2150E333-8FDC-42A3-9474-1A3956D46DE8}") = "Test", "Test", "{4F1CBF23-2B77-45A1-92B9-CBF31C01D194}"
EndProject
Project("{FAE04EC0-301F-11D3-BF4B-00C04F79EFBC}") = "Famoser.ETHZMensa.Test", "Famoser.ETHZMensa.Test\Famoser.ETHZMensa.Test.csproj", "{202CB3E1-CE0E-4F3C-9B99-C3D4E5C34BA5}"
EndProject
Global
	GlobalSection(SolutionConfigurationPlatforms) = preSolution
		Debug|Any CPU = Debug|Any CPU
		Debug|ARM = Debug|ARM
		Debug|x64 = Debug|x64
		Debug|x86 = Debug|x86
		Release|Any CPU = Release|Any CPU
		Release|ARM = Release|ARM
		Release|x64 = Release|x64
		Release|x86 = Release|x86
	EndGlobalSection
	GlobalSection(ProjectConfigurationPlatforms) = postSolution
		{B825813A-5CA3-4820-AF05-4D9FF377192D}.Debug|Any CPU.ActiveCfg = Debug|Any CPU
		{B825813A-5CA3-4820-AF05-4D9FF377192D}.Debug|Any CPU.Build.0 = Debug|Any CPU
		{B825813A-5CA3-4820-AF05-4D9FF377192D}.Debug|ARM.ActiveCfg = Debug|Any CPU
		{B825813A-5CA3-4820-AF05-4D9FF377192D}.Debug|ARM.Build.0 = Debug|Any CPU
		{B825813A-5CA3-4820-AF05-4D9FF377192D}.Debug|x64.ActiveCfg = Debug|Any CPU
		{B825813A-5CA3-4820-AF05-4D9FF377192D}.Debug|x64.Build.0 = Debug|Any CPU
		{B825813A-5CA3-4820-AF05-4D9FF377192D}.Debug|x86.ActiveCfg = Debug|Any CPU
		{B825813A-5CA3-4820-AF05-4D9FF377192D}.Debug|x86.Build.0 = Debug|Any CPU
		{B825813A-5CA3-4820-AF05-4D9FF377192D}.Release|Any CPU.ActiveCfg = Release|Any CPU
		{B825813A-5CA3-4820-AF05-4D9FF377192D}.Release|Any CPU.Build.0 = Release|Any CPU
		{B825813A-5CA3-4820-AF05-4D9FF377192D}.Release|ARM.ActiveCfg = Release|Any CPU
		{B825813A-5CA3-4820-AF05-4D9FF377192D}.Release|ARM.Build.0 = Release|Any CPU
		{B825813A-5CA3-4820-AF05-4D9FF377192D}.Release|x64.ActiveCfg = Release|Any CPU
		{B825813A-5CA3-4820-AF05-4D9FF377192D}.Release|x64.Build.0 = Release|Any CPU
		{B825813A-5CA3-4820-AF05-4D9FF377192D}.Release|x86.ActiveCfg = Release|Any CPU
		{B825813A-5CA3-4820-AF05-4D9FF377192D}.Release|x86.Build.0 = Release|Any CPU
		{E8DC9190-5F18-493B-A411-1C7452F520E9}.Debug|Any CPU.ActiveCfg = Debug|Any CPU
		{E8DC9190-5F18-493B-A411-1C7452F520E9}.Debug|Any CPU.Build.0 = Debug|Any CPU
		{E8DC9190-5F18-493B-A411-1C7452F520E9}.Debug|ARM.ActiveCfg = Debug|Any CPU
		{E8DC9190-5F18-493B-A411-1C7452F520E9}.Debug|ARM.Build.0 = Debug|Any CPU
		{E8DC9190-5F18-493B-A411-1C7452F520E9}.Debug|x64.ActiveCfg = Debug|Any CPU
		{E8DC9190-5F18-493B-A411-1C7452F520E9}.Debug|x64.Build.0 = Debug|Any CPU
		{E8DC9190-5F18-493B-A411-1C7452F520E9}.Debug|x86.ActiveCfg = Debug|Any CPU
		{E8DC9190-5F18-493B-A411-1C7452F520E9}.Debug|x86.Build.0 = Debug|Any CPU
		{E8DC9190-5F18-493B-A411-1C7452F520E9}.Release|Any CPU.ActiveCfg = Release|Any CPU
		{E8DC9190-5F18-493B-A411-1C7452F520E9}.Release|Any CPU.Build.0 = Release|Any CPU
		{E8DC9190-5F18-493B-A411-1C7452F520E9}.Release|ARM.ActiveCfg = Release|Any CPU
		{E8DC9190-5F18-493B-A411-1C7452F520E9}.Release|ARM.Build.0 = Release|Any CPU
		{E8DC9190-5F18-493B-A411-1C7452F520E9}.Release|x64.ActiveCfg = Release|Any CPU
		{E8DC9190-5F18-493B-A411-1C7452F520E9}.Release|x64.Build.0 = Release|Any CPU
		{E8DC9190-5F18-493B-A411-1C7452F520E9}.Release|x86.ActiveCfg = Release|Any CPU
		{E8DC9190-5F18-493B-A411-1C7452F520E9}.Release|x86.Build.0 = Release|Any CPU
		{D5CEAF55-935C-406F-A33C-A4562045B17F}.Debug|Any CPU.ActiveCfg = Debug|Any CPU
		{D5CEAF55-935C-406F-A33C-A4562045B17F}.Debug|Any CPU.Build.0 = Debug|Any CPU
		{D5CEAF55-935C-406F-A33C-A4562045B17F}.Debug|ARM.ActiveCfg = Debug|Any CPU
		{D5CEAF55-935C-406F-A33C-A4562045B17F}.Debug|ARM.Build.0 = Debug|Any CPU
		{D5CEAF55-935C-406F-A33C-A4562045B17F}.Debug|x64.ActiveCfg = Debug|Any CPU
		{D5CEAF55-935C-406F-A33C-A4562045B17F}.Debug|x64.Build.0 = Debug|Any CPU
		{D5CEAF55-935C-406F-A33C-A4562045B17F}.Debug|x86.ActiveCfg = Debug|Any CPU
		{D5CEAF55-935C-406F-A33C-A4562045B17F}.Debug|x86.Build.0 = Debug|Any CPU
		{D5CEAF55-935C-406F-A33C-A4562045B17F}.Release|Any CPU.ActiveCfg = Release|Any CPU
		{D5CEAF55-935C-406F-A33C-A4562045B17F}.Release|Any CPU.Build.0 = Release|Any CPU
		{D5CEAF55-935C-406F-A33C-A4562045B17F}.Release|ARM.ActiveCfg = Release|Any CPU
		{D5CEAF55-935C-406F-A33C-A4562045B17F}.Release|ARM.Build.0 = Release|Any CPU
		{D5CEAF55-935C-406F-A33C-A4562045B17F}.Release|x64.ActiveCfg = Release|Any CPU
		{D5CEAF55-935C-406F-A33C-A4562045B17F}.Release|x64.Build.0 = Release|Any CPU
		{D5CEAF55-935C-406F-A33C-A4562045B17F}.Release|x86.ActiveCfg = Release|Any CPU
		{D5CEAF55-935C-406F-A33C-A4562045B17F}.Release|x86.Build.0 = Release|Any CPU
		{01875BCD-0FBB-4F83-874E-BA80897110A8}.Debug|Any CPU.ActiveCfg = Debug|x86
		{01875BCD-0FBB-4F83-874E-BA80897110A8}.Debug|Any CPU.Build.0 = Debug|x86
		{01875BCD-0FBB-4F83-874E-BA80897110A8}.Debug|Any CPU.Deploy.0 = Debug|x86
		{01875BCD-0FBB-4F83-874E-BA80897110A8}.Debug|ARM.ActiveCfg = Debug|ARM
		{01875BCD-0FBB-4F83-874E-BA80897110A8}.Debug|ARM.Build.0 = Debug|ARM
		{01875BCD-0FBB-4F83-874E-BA80897110A8}.Debug|ARM.Deploy.0 = Debug|ARM
		{01875BCD-0FBB-4F83-874E-BA80897110A8}.Debug|x64.ActiveCfg = Debug|x64
		{01875BCD-0FBB-4F83-874E-BA80897110A8}.Debug|x64.Build.0 = Debug|x64
		{01875BCD-0FBB-4F83-874E-BA80897110A8}.Debug|x64.Deploy.0 = Debug|x64
		{01875BCD-0FBB-4F83-874E-BA80897110A8}.Debug|x86.ActiveCfg = Debug|x86
		{01875BCD-0FBB-4F83-874E-BA80897110A8}.Debug|x86.Build.0 = Debug|x86
		{01875BCD-0FBB-4F83-874E-BA80897110A8}.Debug|x86.Deploy.0 = Debug|x86
		{01875BCD-0FBB-4F83-874E-BA80897110A8}.Release|Any CPU.ActiveCfg = Release|x86
		{01875BCD-0FBB-4F83-874E-BA80897110A8}.Release|ARM.ActiveCfg = Release|ARM
		{01875BCD-0FBB-4F83-874E-BA80897110A8}.Release|ARM.Build.0 = Release|ARM
		{01875BCD-0FBB-4F83-874E-BA80897110A8}.Release|ARM.Deploy.0 = Release|ARM
		{01875BCD-0FBB-4F83-874E-BA80897110A8}.Release|x64.ActiveCfg = Release|x64
		{01875BCD-0FBB-4F83-874E-BA80897110A8}.Release|x64.Build.0 = Release|x64
		{01875BCD-0FBB-4F83-874E-BA80897110A8}.Release|x64.Deploy.0 = Release|x64
		{01875BCD-0FBB-4F83-874E-BA80897110A8}.Release|x86.ActiveCfg = Release|x86
		{01875BCD-0FBB-4F83-874E-BA80897110A8}.Release|x86.Build.0 = Release|x86
		{01875BCD-0FBB-4F83-874E-BA80897110A8}.Release|x86.Deploy.0 = Release|x86
		{202CB3E1-CE0E-4F3C-9B99-C3D4E5C34BA5}.Debug|Any CPU.ActiveCfg = Debug|x86
		{202CB3E1-CE0E-4F3C-9B99-C3D4E5C34BA5}.Debug|ARM.ActiveCfg = Debug|ARM
		{202CB3E1-CE0E-4F3C-9B99-C3D4E5C34BA5}.Debug|ARM.Build.0 = Debug|ARM
		{202CB3E1-CE0E-4F3C-9B99-C3D4E5C34BA5}.Debug|ARM.Deploy.0 = Debug|ARM
		{202CB3E1-CE0E-4F3C-9B99-C3D4E5C34BA5}.Debug|x64.ActiveCfg = Debug|x64
		{202CB3E1-CE0E-4F3C-9B99-C3D4E5C34BA5}.Debug|x64.Build.0 = Debug|x64
		{202CB3E1-CE0E-4F3C-9B99-C3D4E5C34BA5}.Debug|x64.Deploy.0 = Debug|x64
		{202CB3E1-CE0E-4F3C-9B99-C3D4E5C34BA5}.Debug|x86.ActiveCfg = Debug|x86
		{202CB3E1-CE0E-4F3C-9B99-C3D4E5C34BA5}.Debug|x86.Build.0 = Debug|x86
		{202CB3E1-CE0E-4F3C-9B99-C3D4E5C34BA5}.Debug|x86.Deploy.0 = Debug|x86
		{202CB3E1-CE0E-4F3C-9B99-C3D4E5C34BA5}.Release|Any CPU.ActiveCfg = Release|x86
		{202CB3E1-CE0E-4F3C-9B99-C3D4E5C34BA5}.Release|ARM.ActiveCfg = Release|ARM
		{202CB3E1-CE0E-4F3C-9B99-C3D4E5C34BA5}.Release|ARM.Build.0 = Release|ARM
		{202CB3E1-CE0E-4F3C-9B99-C3D4E5C34BA5}.Release|ARM.Deploy.0 = Release|ARM
		{202CB3E1-CE0E-4F3C-9B99-C3D4E5C34BA5}.Release|x64.ActiveCfg = Release|x64
		{202CB3E1-CE0E-4F3C-9B99-C3D4E5C34BA5}.Release|x64.Build.0 = Release|x64
		{202CB3E1-CE0E-4F3C-9B99-C3D4E5C34BA5}.Release|x64.Deploy.0 = Release|x64
		{202CB3E1-CE0E-4F3C-9B99-C3D4E5C34BA5}.Release|x86.ActiveCfg = Release|x86
		{202CB3E1-CE0E-4F3C-9B99-C3D4E5C34BA5}.Release|x86.Build.0 = Release|x86
		{202CB3E1-CE0E-4F3C-9B99-C3D4E5C34BA5}.Release|x86.Deploy.0 = Release|x86
	EndGlobalSection
	GlobalSection(SolutionProperties) = preSolution
		HideSolutionNode = FALSE
	EndGlobalSection
	GlobalSection(NestedProjects) = preSolution
		{B825813A-5CA3-4820-AF05-4D9FF377192D} = {A8AC218C-73D0-44C9-B35C-512A14FB23CD}
		{E8DC9190-5F18-493B-A411-1C7452F520E9} = {A8AC218C-73D0-44C9-B35C-512A14FB23CD}
		{D5CEAF55-935C-406F-A33C-A4562045B17F} = {A8AC218C-73D0-44C9-B35C-512A14FB23CD}
		{202CB3E1-CE0E-4F3C-9B99-C3D4E5C34BA5} = {4F1CBF23-2B77-45A1-92B9-CBF31C01D194}
	EndGlobalSection
EndGlobal
